
Microsoft Visual Studio Solution File, Format Version 12.00
# Visual Studio 15
Project("{FAE04EC0-301F-11D3-BF4B-00C04F79EFBC}") = "UnityEngine.UI", "UnityEngine.UI.csproj", "{548B111B-7421-44A1-9953-CFA3AE5271E3}"
EndProject
Project("{FAE04EC0-301F-11D3-BF4B-00C04F79EFBC}") = "UnityEngine.TestRunner", "UnityEngine.TestRunner.csproj", "{0047DA1B-068E-81DB-37C6-38FE8EDA88AF}"
EndProject
Project("{FAE04EC0-301F-11D3-BF4B-00C04F79EFBC}") = "Unity.Mathematics", "Unity.Mathematics.csproj", "{39E1ED83-B54D-8EC2-20FC-889F54FB4B6A}"
EndProject
Project("{FAE04EC0-301F-11D3-BF4B-00C04F79EFBC}") = "Unity.2D.Animation.Triangle.Runtime", "Unity.2D.Animation.Triangle.Runtime.csproj", "{C3E9D2AB-5350-DBB5-F973-3C00A5B48878}"
EndProject
Project("{FAE04EC0-301F-11D3-BF4B-00C04F79EFBC}") = "Unity.Timeline", "Unity.Timeline.csproj", "{862D9DFF-379B-CBB4-7306-812F267E6765}"
EndProject
Project("{FAE04EC0-301F-11D3-BF4B-00C04F79EFBC}") = "Unity.TextMeshPro", "Unity.TextMeshPro.csproj", "{0DCF7A95-80A0-A9B9-2FA6-4DD921EE9E2E}"
EndProject
Project("{FAE04EC0-301F-11D3-BF4B-00C04F79EFBC}") = "Unity.2D.Animation.Runtime", "Unity.2D.Animation.Runtime.csproj", "{85C64777-D75F-DA7F-0216-1A0106F189CA}"
EndProject
Project("{FAE04EC0-301F-11D3-BF4B-00C04F79EFBC}") = "Assembly-CSharp", "Assembly-CSharp.csproj", "{623A1BD1-7EA3-0E9C-C8D8-7B5427FC2D9C}"
EndProject
Project("{FAE04EC0-301F-11D3-BF4B-00C04F79EFBC}") = "Unity.2D.IK.Runtime", "Unity.2D.IK.Runtime.csproj", "{B2DBC200-6276-BC23-A515-2616EF10F508}"
EndProject
Project("{FAE04EC0-301F-11D3-BF4B-00C04F79EFBC}") = "Unity.2D.SpriteShape.Runtime", "Unity.2D.SpriteShape.Runtime.csproj", "{C3B97F64-A875-BA9A-3FEC-862550BABB51}"
EndProject
Project("{FAE04EC0-301F-11D3-BF4B-00C04F79EFBC}") = "Unity.2D.PixelPerfect", "Unity.2D.PixelPerfect.csproj", "{582F6A2B-13DE-4922-0D4E-D7B525B011D7}"
EndProject
Project("{FAE04EC0-301F-11D3-BF4B-00C04F79EFBC}") = "Unity.2D.Common.Runtime", "Unity.2D.Common.Runtime.csproj", "{C3E0E8B0-3466-8C77-3829-080F32E22923}"
EndProject
Project("{FAE04EC0-301F-11D3-BF4B-00C04F79EFBC}") = "Unity.InternalAPIEngineBridge.001", "Unity.InternalAPIEngineBridge.001.csproj", "{C33508BE-B2DC-F908-01B8-F3249D3C3B91}"
EndProject
Project("{FAE04EC0-301F-11D3-BF4B-00C04F79EFBC}") = "UnityEditor.TestRunner", "UnityEditor.TestRunner.csproj", "{5A9FB6FE-E588-2286-DA78-FA859B0FCE68}"
EndProject
Project("{FAE04EC0-301F-11D3-BF4B-00C04F79EFBC}") = "Unity.PlasticSCM.Editor", "Unity.PlasticSCM.Editor.csproj", "{79A8B171-3829-13C0-3DEC-B984482727B4}"
EndProject
Project("{FAE04EC0-301F-11D3-BF4B-00C04F79EFBC}") = "UnityEditor.UI", "UnityEditor.UI.csproj", "{0249D1B0-9F6B-0A44-4825-2C18CDC3D9CB}"
EndProject
Project("{FAE04EC0-301F-11D3-BF4B-00C04F79EFBC}") = "Unity.Timeline.Editor", "Unity.Timeline.Editor.csproj", "{806B56DB-E9E7-FC53-C40C-BDB9F13C38F6}"
EndProject
Project("{FAE04EC0-301F-11D3-BF4B-00C04F79EFBC}") = "Unity.VisualStudio.Editor", "Unity.VisualStudio.Editor.csproj", "{CC7CC0C6-CFB4-1799-19C5-18E449475CA3}"
EndProject
Project("{FAE04EC0-301F-11D3-BF4B-00C04F79EFBC}") = "Unity.2D.Psdimporter.Editor", "Unity.2D.Psdimporter.Editor.csproj", "{E53FC6BD-0063-9529-4C54-3CEFDECB9BAA}"
EndProject
Project("{FAE04EC0-301F-11D3-BF4B-00C04F79EFBC}") = "Unity.2D.Animation.Editor", "Unity.2D.Animation.Editor.csproj", "{09DF27E7-F55D-C912-DED7-498A18EEBD54}"
EndProject
Project("{FAE04EC0-301F-11D3-BF4B-00C04F79EFBC}") = "Unity.TextMeshPro.Editor", "Unity.TextMeshPro.Editor.csproj", "{16911835-61A2-5068-9BD6-35B166ADD15B}"
EndProject
Project("{FAE04EC0-301F-11D3-BF4B-00C04F79EFBC}") = "Unity.2D.SpriteShape.Editor", "Unity.2D.SpriteShape.Editor.csproj", "{14A10C59-8D79-59BC-03EC-E41B5B5DA228}"
EndProject
Project("{FAE04EC0-301F-11D3-BF4B-00C04F79EFBC}") = "Unity.CollabProxy.Editor", "Unity.CollabProxy.Editor.csproj", "{C7F814AA-8FD5-DF16-508C-94A54EC5F211}"
EndProject
Project("{FAE04EC0-301F-11D3-BF4B-00C04F79EFBC}") = "PsdPlugin", "PsdPlugin.csproj", "{C6A414FB-F842-6B41-F808-DD4BA9ADB0A1}"
EndProject
Project("{FAE04EC0-301F-11D3-BF4B-00C04F79EFBC}") = "Unity.2D.Path.Editor", "Unity.2D.Path.Editor.csproj", "{E8FAECD9-0DE9-F166-4B10-3D2A22EA9A5B}"
EndProject
Project("{FAE04EC0-301F-11D3-BF4B-00C04F79EFBC}") = "Unity.Rider.Editor", "Unity.Rider.Editor.csproj", "{94C198D2-F6AD-CC67-C84C-BA9EDF560501}"
EndProject
Project("{FAE04EC0-301F-11D3-BF4B-00C04F79EFBC}") = "Unity.2D.IK.Editor", "Unity.2D.IK.Editor.csproj", "{108F8F20-75C8-BBCC-69F4-A37121FA3DBA}"
EndProject
Project("{FAE04EC0-301F-11D3-BF4B-00C04F79EFBC}") = "Unity.2D.Sprite.Editor", "Unity.2D.Sprite.Editor.csproj", "{6697414B-CBB9-B955-C842-C7B824A01E57}"
EndProject
Project("{FAE04EC0-301F-11D3-BF4B-00C04F79EFBC}") = "Unity.2D.Tilemap.Editor", "Unity.2D.Tilemap.Editor.csproj", "{8F6BE775-9FAA-978D-1ED4-737F7CACD1E3}"
EndProject
Project("{FAE04EC0-301F-11D3-BF4B-00C04F79EFBC}") = "Unity.2D.PixelPerfect.Editor", "Unity.2D.PixelPerfect.Editor.csproj", "{95596DC1-CFC6-BE47-6018-CB81EB26C2FA}"
EndProject
Project("{FAE04EC0-301F-11D3-BF4B-00C04F79EFBC}") = "Unity.VSCode.Editor", "Unity.VSCode.Editor.csproj", "{2D2A9442-68F1-DB1C-9514-D97D023AC88B}"
EndProject
Project("{FAE04EC0-301F-11D3-BF4B-00C04F79EFBC}") = "Unity.2D.Common.Editor", "Unity.2D.Common.Editor.csproj", "{31750793-1612-8561-0A0D-88AA6F500463}"
EndProject
Project("{FAE04EC0-301F-11D3-BF4B-00C04F79EFBC}") = "Unity.Mathematics.Editor", "Unity.Mathematics.Editor.csproj", "{B9C41AB1-9FE4-15EB-748A-2B126E0E5CD2}"
EndProject
Project("{FAE04EC0-301F-11D3-BF4B-00C04F79EFBC}") = "Unity.InternalAPIEditorBridge.001", "Unity.InternalAPIEditorBridge.001.csproj", "{C20845D3-DF36-D91C-064F-A3255A870904}"
EndProject
Project("{FAE04EC0-301F-11D3-BF4B-00C04F79EFBC}") = "UnityEngine.UI", "UnityEngine.UI.Player.csproj", "{86CB3B60-F932-0D94-358D-546AD0CA8699}"
EndProject
Project("{FAE04EC0-301F-11D3-BF4B-00C04F79EFBC}") = "UnityEngine.TestRunner", "UnityEngine.TestRunner.Player.csproj", "{E7B97C79-7579-10C7-8046-DED31DFB694E}"
EndProject
Project("{FAE04EC0-301F-11D3-BF4B-00C04F79EFBC}") = "Unity.Mathematics", "Unity.Mathematics.Player.csproj", "{6087E414-44BC-FF4C-BC46-4D1B0E441BB0}"
EndProject
Project("{FAE04EC0-301F-11D3-BF4B-00C04F79EFBC}") = "Unity.2D.Animation.Triangle.Runtime", "Unity.2D.Animation.Triangle.Runtime.Player.csproj", "{77484D91-9185-D8F9-2FFC-60FC7C97E507}"
EndProject
Project("{FAE04EC0-301F-11D3-BF4B-00C04F79EFBC}") = "Unity.Timeline", "Unity.Timeline.Player.csproj", "{9AAB11B7-51A9-B526-88BB-954C1DA26561}"
EndProject
Project("{FAE04EC0-301F-11D3-BF4B-00C04F79EFBC}") = "Unity.TextMeshPro", "Unity.TextMeshPro.Player.csproj", "{CBF2F90E-40B0-682F-A0C7-EF880B5072AE}"
EndProject
Project("{FAE04EC0-301F-11D3-BF4B-00C04F79EFBC}") = "Unity.2D.Animation.Runtime", "Unity.2D.Animation.Runtime.Player.csproj", "{1037E8CE-73C0-9B06-20C8-F1DA43ABFC5D}"
EndProject
Project("{FAE04EC0-301F-11D3-BF4B-00C04F79EFBC}") = "Assembly-CSharp", "Assembly-CSharp.Player.csproj", "{4577598E-F84A-F417-D360-3E0D9CA79059}"
EndProject
Project("{FAE04EC0-301F-11D3-BF4B-00C04F79EFBC}") = "Unity.2D.IK.Runtime", "Unity.2D.IK.Runtime.Player.csproj", "{C577CC83-CE5A-6CD3-C148-102E67FE99E9}"
EndProject
Project("{FAE04EC0-301F-11D3-BF4B-00C04F79EFBC}") = "Unity.2D.SpriteShape.Runtime", "Unity.2D.SpriteShape.Runtime.Player.csproj", "{A9BFB20F-A3EC-E36D-8C1D-D7897515F599}"
EndProject
Project("{FAE04EC0-301F-11D3-BF4B-00C04F79EFBC}") = "Unity.2D.PixelPerfect", "Unity.2D.PixelPerfect.Player.csproj", "{4D996F3C-CAF1-AFAC-322B-5603F0F0102D}"
EndProject
Project("{FAE04EC0-301F-11D3-BF4B-00C04F79EFBC}") = "Unity.2D.Common.Runtime", "Unity.2D.Common.Runtime.Player.csproj", "{BF0F9666-D1A1-B5D6-1895-CB95D581A77B}"
EndProject
Project("{FAE04EC0-301F-11D3-BF4B-00C04F79EFBC}") = "Unity.InternalAPIEngineBridge.001", "Unity.InternalAPIEngineBridge.001.Player.csproj", "{FDCED976-8D0D-E5D7-E4FF-685F8CC1A7E5}"
EndProject
Global
	GlobalSection(SolutionConfigurationPlatforms) = preSolution
		Debug|Any CPU = Debug|Any CPU
		Release|Any CPU = Release|Any CPU
	EndGlobalSection
	GlobalSection(ProjectConfigurationPlatforms) = postSolution
		{548B111B-7421-44A1-9953-CFA3AE5271E3}.Debug|Any CPU.ActiveCfg = Debug|Any CPU
		{548B111B-7421-44A1-9953-CFA3AE5271E3}.Debug|Any CPU.Build.0 = Debug|Any CPU
		{548B111B-7421-44A1-9953-CFA3AE5271E3}.Release|Any CPU.ActiveCfg = Release|Any CPU
		{548B111B-7421-44A1-9953-CFA3AE5271E3}.Release|Any CPU.Build.0 = Release|Any CPU
		{0047DA1B-068E-81DB-37C6-38FE8EDA88AF}.Debug|Any CPU.ActiveCfg = Debug|Any CPU
		{0047DA1B-068E-81DB-37C6-38FE8EDA88AF}.Debug|Any CPU.Build.0 = Debug|Any CPU
		{0047DA1B-068E-81DB-37C6-38FE8EDA88AF}.Release|Any CPU.ActiveCfg = Release|Any CPU
		{0047DA1B-068E-81DB-37C6-38FE8EDA88AF}.Release|Any CPU.Build.0 = Release|Any CPU
		{39E1ED83-B54D-8EC2-20FC-889F54FB4B6A}.Debug|Any CPU.ActiveCfg = Debug|Any CPU
		{39E1ED83-B54D-8EC2-20FC-889F54FB4B6A}.Debug|Any CPU.Build.0 = Debug|Any CPU
		{39E1ED83-B54D-8EC2-20FC-889F54FB4B6A}.Release|Any CPU.ActiveCfg = Release|Any CPU
		{39E1ED83-B54D-8EC2-20FC-889F54FB4B6A}.Release|Any CPU.Build.0 = Release|Any CPU
		{C3E9D2AB-5350-DBB5-F973-3C00A5B48878}.Debug|Any CPU.ActiveCfg = Debug|Any CPU
		{C3E9D2AB-5350-DBB5-F973-3C00A5B48878}.Debug|Any CPU.Build.0 = Debug|Any CPU
		{C3E9D2AB-5350-DBB5-F973-3C00A5B48878}.Release|Any CPU.ActiveCfg = Release|Any CPU
		{C3E9D2AB-5350-DBB5-F973-3C00A5B48878}.Release|Any CPU.Build.0 = Release|Any CPU
		{862D9DFF-379B-CBB4-7306-812F267E6765}.Debug|Any CPU.ActiveCfg = Debug|Any CPU
		{862D9DFF-379B-CBB4-7306-812F267E6765}.Debug|Any CPU.Build.0 = Debug|Any CPU
		{862D9DFF-379B-CBB4-7306-812F267E6765}.Release|Any CPU.ActiveCfg = Release|Any CPU
		{862D9DFF-379B-CBB4-7306-812F267E6765}.Release|Any CPU.Build.0 = Release|Any CPU
		{0DCF7A95-80A0-A9B9-2FA6-4DD921EE9E2E}.Debug|Any CPU.ActiveCfg = Debug|Any CPU
		{0DCF7A95-80A0-A9B9-2FA6-4DD921EE9E2E}.Debug|Any CPU.Build.0 = Debug|Any CPU
		{0DCF7A95-80A0-A9B9-2FA6-4DD921EE9E2E}.Release|Any CPU.ActiveCfg = Release|Any CPU
		{0DCF7A95-80A0-A9B9-2FA6-4DD921EE9E2E}.Release|Any CPU.Build.0 = Release|Any CPU
		{85C64777-D75F-DA7F-0216-1A0106F189CA}.Debug|Any CPU.ActiveCfg = Debug|Any CPU
		{85C64777-D75F-DA7F-0216-1A0106F189CA}.Debug|Any CPU.Build.0 = Debug|Any CPU
		{85C64777-D75F-DA7F-0216-1A0106F189CA}.Release|Any CPU.ActiveCfg = Release|Any CPU
		{85C64777-D75F-DA7F-0216-1A0106F189CA}.Release|Any CPU.Build.0 = Release|Any CPU
		{623A1BD1-7EA3-0E9C-C8D8-7B5427FC2D9C}.Debug|Any CPU.ActiveCfg = Debug|Any CPU
		{623A1BD1-7EA3-0E9C-C8D8-7B5427FC2D9C}.Debug|Any CPU.Build.0 = Debug|Any CPU
		{623A1BD1-7EA3-0E9C-C8D8-7B5427FC2D9C}.Release|Any CPU.ActiveCfg = Release|Any CPU
		{623A1BD1-7EA3-0E9C-C8D8-7B5427FC2D9C}.Release|Any CPU.Build.0 = Release|Any CPU
		{B2DBC200-6276-BC23-A515-2616EF10F508}.Debug|Any CPU.ActiveCfg = Debug|Any CPU
		{B2DBC200-6276-BC23-A515-2616EF10F508}.Debug|Any CPU.Build.0 = Debug|Any CPU
		{B2DBC200-6276-BC23-A515-2616EF10F508}.Release|Any CPU.ActiveCfg = Release|Any CPU
		{B2DBC200-6276-BC23-A515-2616EF10F508}.Release|Any CPU.Build.0 = Release|Any CPU
		{C3B97F64-A875-BA9A-3FEC-862550BABB51}.Debug|Any CPU.ActiveCfg = Debug|Any CPU
		{C3B97F64-A875-BA9A-3FEC-862550BABB51}.Debug|Any CPU.Build.0 = Debug|Any CPU
		{C3B97F64-A875-BA9A-3FEC-862550BABB51}.Release|Any CPU.ActiveCfg = Release|Any CPU
		{C3B97F64-A875-BA9A-3FEC-862550BABB51}.Release|Any CPU.Build.0 = Release|Any CPU
		{582F6A2B-13DE-4922-0D4E-D7B525B011D7}.Debug|Any CPU.ActiveCfg = Debug|Any CPU
		{582F6A2B-13DE-4922-0D4E-D7B525B011D7}.Debug|Any CPU.Build.0 = Debug|Any CPU
		{582F6A2B-13DE-4922-0D4E-D7B525B011D7}.Release|Any CPU.ActiveCfg = Release|Any CPU
		{582F6A2B-13DE-4922-0D4E-D7B525B011D7}.Release|Any CPU.Build.0 = Release|Any CPU
		{C3E0E8B0-3466-8C77-3829-080F32E22923}.Debug|Any CPU.ActiveCfg = Debug|Any CPU
		{C3E0E8B0-3466-8C77-3829-080F32E22923}.Debug|Any CPU.Build.0 = Debug|Any CPU
		{C3E0E8B0-3466-8C77-3829-080F32E22923}.Release|Any CPU.ActiveCfg = Release|Any CPU
		{C3E0E8B0-3466-8C77-3829-080F32E22923}.Release|Any CPU.Build.0 = Release|Any CPU
		{C33508BE-B2DC-F908-01B8-F3249D3C3B91}.Debug|Any CPU.ActiveCfg = Debug|Any CPU
		{C33508BE-B2DC-F908-01B8-F3249D3C3B91}.Debug|Any CPU.Build.0 = Debug|Any CPU
		{C33508BE-B2DC-F908-01B8-F3249D3C3B91}.Release|Any CPU.ActiveCfg = Release|Any CPU
		{C33508BE-B2DC-F908-01B8-F3249D3C3B91}.Release|Any CPU.Build.0 = Release|Any CPU
		{5A9FB6FE-E588-2286-DA78-FA859B0FCE68}.Debug|Any CPU.ActiveCfg = Debug|Any CPU
		{5A9FB6FE-E588-2286-DA78-FA859B0FCE68}.Debug|Any CPU.Build.0 = Debug|Any CPU
		{5A9FB6FE-E588-2286-DA78-FA859B0FCE68}.Release|Any CPU.ActiveCfg = Release|Any CPU
		{5A9FB6FE-E588-2286-DA78-FA859B0FCE68}.Release|Any CPU.Build.0 = Release|Any CPU
		{79A8B171-3829-13C0-3DEC-B984482727B4}.Debug|Any CPU.ActiveCfg = Debug|Any CPU
		{79A8B171-3829-13C0-3DEC-B984482727B4}.Debug|Any CPU.Build.0 = Debug|Any CPU
		{79A8B171-3829-13C0-3DEC-B984482727B4}.Release|Any CPU.ActiveCfg = Release|Any CPU
		{79A8B171-3829-13C0-3DEC-B984482727B4}.Release|Any CPU.Build.0 = Release|Any CPU
		{0249D1B0-9F6B-0A44-4825-2C18CDC3D9CB}.Debug|Any CPU.ActiveCfg = Debug|Any CPU
		{0249D1B0-9F6B-0A44-4825-2C18CDC3D9CB}.Debug|Any CPU.Build.0 = Debug|Any CPU
		{0249D1B0-9F6B-0A44-4825-2C18CDC3D9CB}.Release|Any CPU.ActiveCfg = Release|Any CPU
		{0249D1B0-9F6B-0A44-4825-2C18CDC3D9CB}.Release|Any CPU.Build.0 = Release|Any CPU
		{806B56DB-E9E7-FC53-C40C-BDB9F13C38F6}.Debug|Any CPU.ActiveCfg = Debug|Any CPU
		{806B56DB-E9E7-FC53-C40C-BDB9F13C38F6}.Debug|Any CPU.Build.0 = Debug|Any CPU
		{806B56DB-E9E7-FC53-C40C-BDB9F13C38F6}.Release|Any CPU.ActiveCfg = Release|Any CPU
		{806B56DB-E9E7-FC53-C40C-BDB9F13C38F6}.Release|Any CPU.Build.0 = Release|Any CPU
		{CC7CC0C6-CFB4-1799-19C5-18E449475CA3}.Debug|Any CPU.ActiveCfg = Debug|Any CPU
		{CC7CC0C6-CFB4-1799-19C5-18E449475CA3}.Debug|Any CPU.Build.0 = Debug|Any CPU
		{CC7CC0C6-CFB4-1799-19C5-18E449475CA3}.Release|Any CPU.ActiveCfg = Release|Any CPU
		{CC7CC0C6-CFB4-1799-19C5-18E449475CA3}.Release|Any CPU.Build.0 = Release|Any CPU
		{E53FC6BD-0063-9529-4C54-3CEFDECB9BAA}.Debug|Any CPU.ActiveCfg = Debug|Any CPU
		{E53FC6BD-0063-9529-4C54-3CEFDECB9BAA}.Debug|Any CPU.Build.0 = Debug|Any CPU
		{E53FC6BD-0063-9529-4C54-3CEFDECB9BAA}.Release|Any CPU.ActiveCfg = Release|Any CPU
		{E53FC6BD-0063-9529-4C54-3CEFDECB9BAA}.Release|Any CPU.Build.0 = Release|Any CPU
		{09DF27E7-F55D-C912-DED7-498A18EEBD54}.Debug|Any CPU.ActiveCfg = Debug|Any CPU
		{09DF27E7-F55D-C912-DED7-498A18EEBD54}.Debug|Any CPU.Build.0 = Debug|Any CPU
		{09DF27E7-F55D-C912-DED7-498A18EEBD54}.Release|Any CPU.ActiveCfg = Release|Any CPU
		{09DF27E7-F55D-C912-DED7-498A18EEBD54}.Release|Any CPU.Build.0 = Release|Any CPU
		{16911835-61A2-5068-9BD6-35B166ADD15B}.Debug|Any CPU.ActiveCfg = Debug|Any CPU
		{16911835-61A2-5068-9BD6-35B166ADD15B}.Debug|Any CPU.Build.0 = Debug|Any CPU
		{16911835-61A2-5068-9BD6-35B166ADD15B}.Release|Any CPU.ActiveCfg = Release|Any CPU
		{16911835-61A2-5068-9BD6-35B166ADD15B}.Release|Any CPU.Build.0 = Release|Any CPU
		{14A10C59-8D79-59BC-03EC-E41B5B5DA228}.Debug|Any CPU.ActiveCfg = Debug|Any CPU
		{14A10C59-8D79-59BC-03EC-E41B5B5DA228}.Debug|Any CPU.Build.0 = Debug|Any CPU
		{14A10C59-8D79-59BC-03EC-E41B5B5DA228}.Release|Any CPU.ActiveCfg = Release|Any CPU
		{14A10C59-8D79-59BC-03EC-E41B5B5DA228}.Release|Any CPU.Build.0 = Release|Any CPU
		{C7F814AA-8FD5-DF16-508C-94A54EC5F211}.Debug|Any CPU.ActiveCfg = Debug|Any CPU
		{C7F814AA-8FD5-DF16-508C-94A54EC5F211}.Debug|Any CPU.Build.0 = Debug|Any CPU
		{C7F814AA-8FD5-DF16-508C-94A54EC5F211}.Release|Any CPU.ActiveCfg = Release|Any CPU
		{C7F814AA-8FD5-DF16-508C-94A54EC5F211}.Release|Any CPU.Build.0 = Release|Any CPU
		{C6A414FB-F842-6B41-F808-DD4BA9ADB0A1}.Debug|Any CPU.ActiveCfg = Debug|Any CPU
		{C6A414FB-F842-6B41-F808-DD4BA9ADB0A1}.Debug|Any CPU.Build.0 = Debug|Any CPU
		{C6A414FB-F842-6B41-F808-DD4BA9ADB0A1}.Release|Any CPU.ActiveCfg = Release|Any CPU
		{C6A414FB-F842-6B41-F808-DD4BA9ADB0A1}.Release|Any CPU.Build.0 = Release|Any CPU
		{E8FAECD9-0DE9-F166-4B10-3D2A22EA9A5B}.Debug|Any CPU.ActiveCfg = Debug|Any CPU
		{E8FAECD9-0DE9-F166-4B10-3D2A22EA9A5B}.Debug|Any CPU.Build.0 = Debug|Any CPU
		{E8FAECD9-0DE9-F166-4B10-3D2A22EA9A5B}.Release|Any CPU.ActiveCfg = Release|Any CPU
		{E8FAECD9-0DE9-F166-4B10-3D2A22EA9A5B}.Release|Any CPU.Build.0 = Release|Any CPU
		{94C198D2-F6AD-CC67-C84C-BA9EDF560501}.Debug|Any CPU.ActiveCfg = Debug|Any CPU
		{94C198D2-F6AD-CC67-C84C-BA9EDF560501}.Debug|Any CPU.Build.0 = Debug|Any CPU
		{94C198D2-F6AD-CC67-C84C-BA9EDF560501}.Release|Any CPU.ActiveCfg = Release|Any CPU
		{94C198D2-F6AD-CC67-C84C-BA9EDF560501}.Release|Any CPU.Build.0 = Release|Any CPU
		{108F8F20-75C8-BBCC-69F4-A37121FA3DBA}.Debug|Any CPU.ActiveCfg = Debug|Any CPU
		{108F8F20-75C8-BBCC-69F4-A37121FA3DBA}.Debug|Any CPU.Build.0 = Debug|Any CPU
		{108F8F20-75C8-BBCC-69F4-A37121FA3DBA}.Release|Any CPU.ActiveCfg = Release|Any CPU
		{108F8F20-75C8-BBCC-69F4-A37121FA3DBA}.Release|Any CPU.Build.0 = Release|Any CPU
		{6697414B-CBB9-B955-C842-C7B824A01E57}.Debug|Any CPU.ActiveCfg = Debug|Any CPU
		{6697414B-CBB9-B955-C842-C7B824A01E57}.Debug|Any CPU.Build.0 = Debug|Any CPU
		{6697414B-CBB9-B955-C842-C7B824A01E57}.Release|Any CPU.ActiveCfg = Release|Any CPU
		{6697414B-CBB9-B955-C842-C7B824A01E57}.Release|Any CPU.Build.0 = Release|Any CPU
		{8F6BE775-9FAA-978D-1ED4-737F7CACD1E3}.Debug|Any CPU.ActiveCfg = Debug|Any CPU
		{8F6BE775-9FAA-978D-1ED4-737F7CACD1E3}.Debug|Any CPU.Build.0 = Debug|Any CPU
		{8F6BE775-9FAA-978D-1ED4-737F7CACD1E3}.Release|Any CPU.ActiveCfg = Release|Any CPU
		{8F6BE775-9FAA-978D-1ED4-737F7CACD1E3}.Release|Any CPU.Build.0 = Release|Any CPU
		{95596DC1-CFC6-BE47-6018-CB81EB26C2FA}.Debug|Any CPU.ActiveCfg = Debug|Any CPU
		{95596DC1-CFC6-BE47-6018-CB81EB26C2FA}.Debug|Any CPU.Build.0 = Debug|Any CPU
		{95596DC1-CFC6-BE47-6018-CB81EB26C2FA}.Release|Any CPU.ActiveCfg = Release|Any CPU
		{95596DC1-CFC6-BE47-6018-CB81EB26C2FA}.Release|Any CPU.Build.0 = Release|Any CPU
		{2D2A9442-68F1-DB1C-9514-D97D023AC88B}.Debug|Any CPU.ActiveCfg = Debug|Any CPU
		{2D2A9442-68F1-DB1C-9514-D97D023AC88B}.Debug|Any CPU.Build.0 = Debug|Any CPU
		{2D2A9442-68F1-DB1C-9514-D97D023AC88B}.Release|Any CPU.ActiveCfg = Release|Any CPU
		{2D2A9442-68F1-DB1C-9514-D97D023AC88B}.Release|Any CPU.Build.0 = Release|Any CPU
		{31750793-1612-8561-0A0D-88AA6F500463}.Debug|Any CPU.ActiveCfg = Debug|Any CPU
		{31750793-1612-8561-0A0D-88AA6F500463}.Debug|Any CPU.Build.0 = Debug|Any CPU
		{31750793-1612-8561-0A0D-88AA6F500463}.Release|Any CPU.ActiveCfg = Release|Any CPU
		{31750793-1612-8561-0A0D-88AA6F500463}.Release|Any CPU.Build.0 = Release|Any CPU
		{B9C41AB1-9FE4-15EB-748A-2B126E0E5CD2}.Debug|Any CPU.ActiveCfg = Debug|Any CPU
		{B9C41AB1-9FE4-15EB-748A-2B126E0E5CD2}.Debug|Any CPU.Build.0 = Debug|Any CPU
		{B9C41AB1-9FE4-15EB-748A-2B126E0E5CD2}.Release|Any CPU.ActiveCfg = Release|Any CPU
		{B9C41AB1-9FE4-15EB-748A-2B126E0E5CD2}.Release|Any CPU.Build.0 = Release|Any CPU
		{C20845D3-DF36-D91C-064F-A3255A870904}.Debug|Any CPU.ActiveCfg = Debug|Any CPU
		{C20845D3-DF36-D91C-064F-A3255A870904}.Debug|Any CPU.Build.0 = Debug|Any CPU
		{C20845D3-DF36-D91C-064F-A3255A870904}.Release|Any CPU.ActiveCfg = Release|Any CPU
		{C20845D3-DF36-D91C-064F-A3255A870904}.Release|Any CPU.Build.0 = Release|Any CPU
		{86CB3B60-F932-0D94-358D-546AD0CA8699}.Debug|Any CPU.ActiveCfg = Debug|Any CPU
		{86CB3B60-F932-0D94-358D-546AD0CA8699}.Debug|Any CPU.Build.0 = Debug|Any CPU
		{86CB3B60-F932-0D94-358D-546AD0CA8699}.Release|Any CPU.ActiveCfg = Release|Any CPU
		{86CB3B60-F932-0D94-358D-546AD0CA8699}.Release|Any CPU.Build.0 = Release|Any CPU
		{E7B97C79-7579-10C7-8046-DED31DFB694E}.Debug|Any CPU.ActiveCfg = Debug|Any CPU
		{E7B97C79-7579-10C7-8046-DED31DFB694E}.Debug|Any CPU.Build.0 = Debug|Any CPU
		{E7B97C79-7579-10C7-8046-DED31DFB694E}.Release|Any CPU.ActiveCfg = Release|Any CPU
		{E7B97C79-7579-10C7-8046-DED31DFB694E}.Release|Any CPU.Build.0 = Release|Any CPU
		{6087E414-44BC-FF4C-BC46-4D1B0E441BB0}.Debug|Any CPU.ActiveCfg = Debug|Any CPU
		{6087E414-44BC-FF4C-BC46-4D1B0E441BB0}.Debug|Any CPU.Build.0 = Debug|Any CPU
		{6087E414-44BC-FF4C-BC46-4D1B0E441BB0}.Release|Any CPU.ActiveCfg = Release|Any CPU
		{6087E414-44BC-FF4C-BC46-4D1B0E441BB0}.Release|Any CPU.Build.0 = Release|Any CPU
		{77484D91-9185-D8F9-2FFC-60FC7C97E507}.Debug|Any CPU.ActiveCfg = Debug|Any CPU
		{77484D91-9185-D8F9-2FFC-60FC7C97E507}.Debug|Any CPU.Build.0 = Debug|Any CPU
		{77484D91-9185-D8F9-2FFC-60FC7C97E507}.Release|Any CPU.ActiveCfg = Release|Any CPU
		{77484D91-9185-D8F9-2FFC-60FC7C97E507}.Release|Any CPU.Build.0 = Release|Any CPU
		{9AAB11B7-51A9-B526-88BB-954C1DA26561}.Debug|Any CPU.ActiveCfg = Debug|Any CPU
		{9AAB11B7-51A9-B526-88BB-954C1DA26561}.Debug|Any CPU.Build.0 = Debug|Any CPU
		{9AAB11B7-51A9-B526-88BB-954C1DA26561}.Release|Any CPU.ActiveCfg = Release|Any CPU
		{9AAB11B7-51A9-B526-88BB-954C1DA26561}.Release|Any CPU.Build.0 = Release|Any CPU
		{CBF2F90E-40B0-682F-A0C7-EF880B5072AE}.Debug|Any CPU.ActiveCfg = Debug|Any CPU
		{CBF2F90E-40B0-682F-A0C7-EF880B5072AE}.Debug|Any CPU.Build.0 = Debug|Any CPU
		{CBF2F90E-40B0-682F-A0C7-EF880B5072AE}.Release|Any CPU.ActiveCfg = Release|Any CPU
		{CBF2F90E-40B0-682F-A0C7-EF880B5072AE}.Release|Any CPU.Build.0 = Release|Any CPU
		{1037E8CE-73C0-9B06-20C8-F1DA43ABFC5D}.Debug|Any CPU.ActiveCfg = Debug|Any CPU
		{1037E8CE-73C0-9B06-20C8-F1DA43ABFC5D}.Debug|Any CPU.Build.0 = Debug|Any CPU
		{1037E8CE-73C0-9B06-20C8-F1DA43ABFC5D}.Release|Any CPU.ActiveCfg = Release|Any CPU
		{1037E8CE-73C0-9B06-20C8-F1DA43ABFC5D}.Release|Any CPU.Build.0 = Release|Any CPU
		{4577598E-F84A-F417-D360-3E0D9CA79059}.Debug|Any CPU.ActiveCfg = Debug|Any CPU
		{4577598E-F84A-F417-D360-3E0D9CA79059}.Debug|Any CPU.Build.0 = Debug|Any CPU
		{4577598E-F84A-F417-D360-3E0D9CA79059}.Release|Any CPU.ActiveCfg = Release|Any CPU
		{4577598E-F84A-F417-D360-3E0D9CA79059}.Release|Any CPU.Build.0 = Release|Any CPU
		{C577CC83-CE5A-6CD3-C148-102E67FE99E9}.Debug|Any CPU.ActiveCfg = Debug|Any CPU
		{C577CC83-CE5A-6CD3-C148-102E67FE99E9}.Debug|Any CPU.Build.0 = Debug|Any CPU
		{C577CC83-CE5A-6CD3-C148-102E67FE99E9}.Release|Any CPU.ActiveCfg = Release|Any CPU
		{C577CC83-CE5A-6CD3-C148-102E67FE99E9}.Release|Any CPU.Build.0 = Release|Any CPU
		{A9BFB20F-A3EC-E36D-8C1D-D7897515F599}.Debug|Any CPU.ActiveCfg = Debug|Any CPU
		{A9BFB20F-A3EC-E36D-8C1D-D7897515F599}.Debug|Any CPU.Build.0 = Debug|Any CPU
		{A9BFB20F-A3EC-E36D-8C1D-D7897515F599}.Release|Any CPU.ActiveCfg = Release|Any CPU
		{A9BFB20F-A3EC-E36D-8C1D-D7897515F599}.Release|Any CPU.Build.0 = Release|Any CPU
		{4D996F3C-CAF1-AFAC-322B-5603F0F0102D}.Debug|Any CPU.ActiveCfg = Debug|Any CPU
		{4D996F3C-CAF1-AFAC-322B-5603F0F0102D}.Debug|Any CPU.Build.0 = Debug|Any CPU
		{4D996F3C-CAF1-AFAC-322B-5603F0F0102D}.Release|Any CPU.ActiveCfg = Release|Any CPU
		{4D996F3C-CAF1-AFAC-322B-5603F0F0102D}.Release|Any CPU.Build.0 = Release|Any CPU
		{BF0F9666-D1A1-B5D6-1895-CB95D581A77B}.Debug|Any CPU.ActiveCfg = Debug|Any CPU
		{BF0F9666-D1A1-B5D6-1895-CB95D581A77B}.Debug|Any CPU.Build.0 = Debug|Any CPU
		{BF0F9666-D1A1-B5D6-1895-CB95D581A77B}.Release|Any CPU.ActiveCfg = Release|Any CPU
		{BF0F9666-D1A1-B5D6-1895-CB95D581A77B}.Release|Any CPU.Build.0 = Release|Any CPU
		{FDCED976-8D0D-E5D7-E4FF-685F8CC1A7E5}.Debug|Any CPU.ActiveCfg = Debug|Any CPU
		{FDCED976-8D0D-E5D7-E4FF-685F8CC1A7E5}.Debug|Any CPU.Build.0 = Debug|Any CPU
		{FDCED976-8D0D-E5D7-E4FF-685F8CC1A7E5}.Release|Any CPU.ActiveCfg = Release|Any CPU
		{FDCED976-8D0D-E5D7-E4FF-685F8CC1A7E5}.Release|Any CPU.Build.0 = Release|Any CPU
	EndGlobalSection
	GlobalSection(SolutionProperties) = preSolution
		HideSolutionNode = FALSE
	EndGlobalSection
EndGlobal
